
Microsoft Visual Studio Solution File, Format Version 12.00
# Visual Studio Version 17
VisualStudioVersion = 17.0.32112.339
MinimumVisualStudioVersion = 10.0.40219.1
Project("{FAE04EC0-301F-11D3-BF4B-00C04F79EFBC}") = "Game", "Game\Game.csproj", "{F9EF1024-8F60-43E9-8BC6-1992388550B9}"
EndProject
Global
	GlobalSection(SolutionConfigurationPlatforms) = preSolution
		Debug|Any CPU = Debug|Any CPU
		Release|Any CPU = Release|Any CPU
	EndGlobalSection
	GlobalSection(ProjectConfigurationPlatforms) = postSolution
		{F9EF1024-8F60-43E9-8BC6-1992388550B9}.Debug|Any CPU.ActiveCfg = Debug|Any CPU
		{F9EF1024-8F60-43E9-8BC6-1992388550B9}.Debug|Any CPU.Build.0 = Debug|Any CPU
		{F9EF1024-8F60-43E9-8BC6-1992388550B9}.Release|Any CPU.ActiveCfg = Release|Any CPU
		{F9EF1024-8F60-43E9-8BC6-1992388550B9}.Release|Any CPU.Build.0 = Release|Any CPU
	EndGlobalSection
	GlobalSection(SolutionProperties) = preSolution
		HideSolutionNode = FALSE
	EndGlobalSection
	GlobalSection(ExtensibilityGlobals) = postSolution
		SolutionGuid = {B79225B7-698E-46AA-A9B8-E1F4006BC84A}
	EndGlobalSection
EndGlobal
